# THIS IS AN AUTOGENERATED FILE. DO NOT EDIT THIS FILE DIRECTLY.
# yarn lockfile v1


"@babel/helper-validator-identifier@^7.9.5":
  version "7.9.5"
  resolved "https://registry.npm.taobao.org/@babel/helper-validator-identifier/download/@babel/helper-validator-identifier-7.9.5.tgz#90977a8e6fbf6b431a7dc31752eee233bf052d80"
  integrity sha1-kJd6jm+/a0MafcMXUu7iM78FLYA=

"@babel/parser@^7.8.6":
  version "7.9.4"
  resolved "https://registry.npm.taobao.org/@babel/parser/download/@babel/parser-7.9.4.tgz#68a35e6b0319bbc014465be43828300113f2f2e8"
  integrity sha1-aKNeawMZu8AURlvkOCgwARPy8ug=

"@babel/types@^7.8.6":
  version "7.9.5"
  resolved "https://registry.npm.taobao.org/@babel/types/download/@babel/types-7.9.5.tgz#89231f82915a8a566a703b3b20133f73da6b9444"
  integrity sha1-iSMfgpFailZqcDs7IBM/c9prlEQ=
  dependencies:
    "@babel/helper-validator-identifier" "^7.9.5"
    lodash "^4.17.13"
    to-fast-properties "^2.0.0"

"@types/js-yaml@^3.12.3":
  version "3.12.3"
  resolved "https://registry.npm.taobao.org/@types/js-yaml/download/@types/js-yaml-3.12.3.tgz?cache=0&sync_timestamp=1585110351244&other_urls=https%3A%2F%2Fregistry.npm.taobao.org%2F%40types%2Fjs-yaml%2Fdownload%2F%40types%2Fjs-yaml-3.12.3.tgz#abf383c5b639d0aa8b8c4a420d6a85f703357d6c"
  integrity sha1-q/ODxbY50KqLjEpCDWqF9wM1fWw=

"@vue/compiler-core@3.0.0-alpha.13":
  version "3.0.0-alpha.13"
  resolved "https://registry.npm.taobao.org/@vue/compiler-core/download/@vue/compiler-core-3.0.0-alpha.13.tgz#8126c92f562af047c28c4ce7f343d77f0ceea7d7"
  integrity sha1-gSbJL1Yq8EfCjEzn80PXfwzup9c=
  dependencies:
    "@babel/parser" "^7.8.6"
    "@babel/types" "^7.8.6"
    "@vue/shared" "3.0.0-alpha.13"
    estree-walker "^0.8.1"
    source-map "^0.6.1"

"@vue/compiler-dom@3.0.0-alpha.13":
  version "3.0.0-alpha.13"
  resolved "https://registry.npm.taobao.org/@vue/compiler-dom/download/@vue/compiler-dom-3.0.0-alpha.13.tgz#b1930ebbe770dbed543dbe7ac88f2955719051f2"
  integrity sha1-sZMOu+dw2+1UPb56yI8pVXGQUfI=
  dependencies:
    "@vue/compiler-core" "3.0.0-alpha.13"
    "@vue/shared" "3.0.0-alpha.13"

"@vue/reactivity@3.0.0-alpha.13":
  version "3.0.0-alpha.13"
  resolved "https://registry.npm.taobao.org/@vue/reactivity/download/@vue/reactivity-3.0.0-alpha.13.tgz#032fbfd1b9c50153e2f37fc99ae63b460377387a"
  integrity sha1-Ay+/0bnFAVPi83/JmuY7RgN3OHo=
  dependencies:
    "@vue/shared" "3.0.0-alpha.13"

"@vue/runtime-core@3.0.0-alpha.13":
  version "3.0.0-alpha.13"
  resolved "https://registry.npm.taobao.org/@vue/runtime-core/download/@vue/runtime-core-3.0.0-alpha.13.tgz#2430fc835399924c206d113e6f6acaa921707a3f"
  integrity sha1-JDD8g1OZkkwgbRE+b2rKqSFwej8=
  dependencies:
    "@vue/reactivity" "3.0.0-alpha.13"
    "@vue/shared" "3.0.0-alpha.13"

"@vue/runtime-dom@3.0.0-alpha.13":
  version "3.0.0-alpha.13"
  resolved "https://registry.npm.taobao.org/@vue/runtime-dom/download/@vue/runtime-dom-3.0.0-alpha.13.tgz#de33f7ae9035877ede1bee27e5c28108f1eea86a"
  integrity sha1-3jP3rpA1h37eG+4n5cKBCPHuqGo=
  dependencies:
    "@vue/runtime-core" "3.0.0-alpha.13"
    "@vue/shared" "3.0.0-alpha.13"
    csstype "^2.6.8"

"@vue/shared@3.0.0-alpha.13":
  version "3.0.0-alpha.13"
  resolved "https://registry.npm.taobao.org/@vue/shared/download/@vue/shared-3.0.0-alpha.13.tgz#7d9bcf763c77bd9e10bbb6a27577af7f0ad853c4"
  integrity sha1-fZvPdjx3vZ4Qu7aidXevfwrYU8Q=

argparse@^1.0.7:
  version "1.0.10"
  resolved "https://registry.npm.taobao.org/argparse/download/argparse-1.0.10.tgz#bcd6791ea5ae09725e17e5ad988134cd40b3d911"
  integrity sha1-vNZ5HqWuCXJeF+WtmIE0zUCz2RE=
  dependencies:
    sprintf-js "~1.0.2"

csstype@^2.6.8:
  version "2.6.10"
  resolved "https://registry.npm.taobao.org/csstype/download/csstype-2.6.10.tgz?cache=0&sync_timestamp=1586935655811&other_urls=https%3A%2F%2Fregistry.npm.taobao.org%2Fcsstype%2Fdownload%2Fcsstype-2.6.10.tgz#e63af50e66d7c266edb6b32909cfd0aabe03928b"
  integrity sha1-5jr1DmbXwmbttrMpCc/Qqr4Dkos=

esprima@^4.0.0:
  version "4.0.1"
  resolved "https://registry.npm.taobao.org/esprima/download/esprima-4.0.1.tgz#13b04cdb3e6c5d19df91ab6987a8695619b0aa71"
  integrity sha1-E7BM2z5sXRnfkatph6hpVhmwqnE=

estree-walker@^0.8.1:
  version "0.8.1"
  resolved "https://registry.npm.taobao.org/estree-walker/download/estree-walker-0.8.1.tgz#6230ce2ec9a5cb03888afcaf295f97d90aa52b79"
  integrity sha1-YjDOLsmlywOIivyvKV+X2QqlK3k=

js-yaml@^3.13.1:
  version "3.13.1"
  resolved "https://registry.npm.taobao.org/js-yaml/download/js-yaml-3.13.1.tgz#aff151b30bfdfa8e49e05da22e7415e9dfa37847"
  integrity sha1-r/FRswv9+o5J4F2iLnQV6d+jeEc=
  dependencies:
    argparse "^1.0.7"
    esprima "^4.0.0"

lodash@^4.17.13:
  version "4.17.15"
  resolved "https://registry.npm.taobao.org/lodash/download/lodash-4.17.15.tgz#b447f6670a0455bbfeedd11392eff330ea097548"
  integrity sha1-tEf2ZwoEVbv+7dETku/zMOoJdUg=

source-map@^0.6.1:
  version "0.6.1"
  resolved "https://registry.npm.taobao.org/source-map/download/source-map-0.6.1.tgz#74722af32e9614e9c287a8d0bbde48b5e2f1a263"
  integrity sha1-dHIq8y6WFOnCh6jQu95IteLxomM=

sprintf-js@~1.0.2:
  version "1.0.3"
  resolved "https://registry.npm.taobao.org/sprintf-js/download/sprintf-js-1.0.3.tgz#04e6926f662895354f3dd015203633b857297e2c"
  integrity sha1-BOaSb2YolTVPPdAVIDYzuFcpfiw=

to-fast-properties@^2.0.0:
  version "2.0.0"
  resolved "https://registry.npm.taobao.org/to-fast-properties/download/to-fast-properties-2.0.0.tgz#dc5e698cbd079265bc73e0377681a4e4e83f616e"
  integrity sha1-3F5pjL0HkmW8c+A3doGk5Og/YW4=

vue-router@4.0.0-alpha.5:
  version "4.0.0-alpha.5"
  resolved "https://registry.npm.taobao.org/vue-router/download/vue-router-4.0.0-alpha.5.tgz?cache=0&other_urls=https%3A%2F%2Fregistry.npm.taobao.org%2Fvue-router%2Fdownload%2Fvue-router-4.0.0-alpha.5.tgz#7b7d00ca090a03aec0ba4e1b582bfce12aa3bdaf"
  integrity sha1-e30AygkKA67Auk4bWCv84Sqjva8=

vue@3.0.0-alpha.13:
  version "3.0.0-alpha.13"
  resolved "https://registry.npm.taobao.org/vue/download/vue-3.0.0-alpha.13.tgz#a0428ec5494841f2f3564b47a17c550645b8f442"
  integrity sha1-oEKOxUlIQfLzVktHoXxVBkW49EI=
  dependencies:
    "@vue/compiler-dom" "3.0.0-alpha.13"
    "@vue/runtime-dom" "3.0.0-alpha.13"
    "@vue/shared" "3.0.0-alpha.13"
