# THIS IS AN AUTOGENERATED FILE. DO NOT EDIT THIS FILE DIRECTLY.
# yarn lockfile v1


"@hapi/address@^4.0.1":
  version "4.0.1"
  resolved "https://registry.npm.taobao.org/@hapi/address/download/@hapi/address-4.0.1.tgz#267301ddf7bc453718377a6fb3832a2f04a721dd"
  integrity sha1-JnMB3fe8RTcYN3pvs4MqLwSnId0=
  dependencies:
    "@hapi/hoek" "^9.0.0"

"@hapi/formula@^2.0.0":
  version "2.0.0"
  resolved "https://registry.npm.taobao.org/@hapi/formula/download/@hapi/formula-2.0.0.tgz#edade0619ed58c8e4f164f233cda70211e787128"
  integrity sha1-7a3gYZ7VjI5PFk8jPNpwIR54cSg=

"@hapi/hoek@^9.0.0":
  version "9.0.4"
  resolved "https://registry.npm.taobao.org/@hapi/hoek/download/@hapi/hoek-9.0.4.tgz?cache=0&sync_timestamp=1583989992589&other_urls=https%3A%2F%2Fregistry.npm.taobao.org%2F%40hapi%2Fhoek%2Fdownload%2F%40hapi%2Fhoek-9.0.4.tgz#e80ad4e8e8d2adc6c77d985f698447e8628b6010"
  integrity sha1-6ArU6OjSrcbHfZhfaYRH6GKLYBA=

"@hapi/joi@^17.1.1":
  version "17.1.1"
  resolved "https://registry.npm.taobao.org/@hapi/joi/download/@hapi/joi-17.1.1.tgz?cache=0&sync_timestamp=1584145124617&other_urls=https%3A%2F%2Fregistry.npm.taobao.org%2F%40hapi%2Fjoi%2Fdownload%2F%40hapi%2Fjoi-17.1.1.tgz#9cc8d7e2c2213d1e46708c6260184b447c661350"
  integrity sha1-nMjX4sIhPR5GcIxiYBhLRHxmE1A=
  dependencies:
    "@hapi/address" "^4.0.1"
    "@hapi/formula" "^2.0.0"
    "@hapi/hoek" "^9.0.0"
    "@hapi/pinpoint" "^2.0.0"
    "@hapi/topo" "^5.0.0"

"@hapi/pinpoint@^2.0.0":
  version "2.0.0"
  resolved "https://registry.npm.taobao.org/@hapi/pinpoint/download/@hapi/pinpoint-2.0.0.tgz#805b40d4dbec04fc116a73089494e00f073de8df"
  integrity sha1-gFtA1NvsBPwRanMIlJTgDwc96N8=

"@hapi/topo@^5.0.0":
  version "5.0.0"
  resolved "https://registry.npm.taobao.org/@hapi/topo/download/@hapi/topo-5.0.0.tgz?cache=0&sync_timestamp=1578128744584&other_urls=https%3A%2F%2Fregistry.npm.taobao.org%2F%40hapi%2Ftopo%2Fdownload%2F%40hapi%2Ftopo-5.0.0.tgz#c19af8577fa393a06e9c77b60995af959be721e7"
  integrity sha1-wZr4V3+jk6BunHe2CZWvlZvnIec=
  dependencies:
    "@hapi/hoek" "^9.0.0"

"@types/color-name@^1.1.1":
  version "1.1.1"
  resolved "https://registry.npm.taobao.org/@types/color-name/download/@types/color-name-1.1.1.tgz#1c1261bbeaa10a8055bbc5d8ab84b7b2afc846a0"
  integrity sha1-HBJhu+qhCoBVu8XYq4S3sq/IRqA=

ansi-styles@^4.1.0:
  version "4.2.1"
  resolved "https://registry.npm.taobao.org/ansi-styles/download/ansi-styles-4.2.1.tgz#90ae75c424d008d2624c5bf29ead3177ebfcf359"
  integrity sha1-kK51xCTQCNJiTFvynq0xd+v881k=
  dependencies:
    "@types/color-name" "^1.1.1"
    color-convert "^2.0.1"

chalk@^4.0.0:
  version "4.0.0"
  resolved "https://registry.npm.taobao.org/chalk/download/chalk-4.0.0.tgz?cache=0&sync_timestamp=1585815676992&other_urls=https%3A%2F%2Fregistry.npm.taobao.org%2Fchalk%2Fdownload%2Fchalk-4.0.0.tgz#6e98081ed2d17faab615eb52ac66ec1fe6209e72"
  integrity sha1-bpgIHtLRf6q2FetSrGbsH+YgnnI=
  dependencies:
    ansi-styles "^4.1.0"
    supports-color "^7.1.0"

color-convert@^2.0.1:
  version "2.0.1"
  resolved "https://registry.npm.taobao.org/color-convert/download/color-convert-2.0.1.tgz#72d3a68d598c9bdb3af2ad1e84f21d896abd4de3"
  integrity sha1-ctOmjVmMm9s68q0ehPIdiWq9TeM=
  dependencies:
    color-name "~1.1.4"

color-name@~1.1.4:
  version "1.1.4"
  resolved "https://registry.npm.taobao.org/color-name/download/color-name-1.1.4.tgz#c2a09a87acbde69543de6f63fa3995c826c536a2"
  integrity sha1-wqCah6y95pVD3m9j+jmVyCbFNqI=

commander@^5.0.0:
  version "5.0.0"
  resolved "https://registry.npm.taobao.org/commander/download/commander-5.0.0.tgz?cache=0&sync_timestamp=1584148407069&other_urls=https%3A%2F%2Fregistry.npm.taobao.org%2Fcommander%2Fdownload%2Fcommander-5.0.0.tgz#dbf1909b49e5044f8fdaf0adc809f0c0722bdfd0"
  integrity sha1-2/GQm0nlBE+P2vCtyAnwwHIr39A=

has-flag@^4.0.0:
  version "4.0.0"
  resolved "https://registry.npm.taobao.org/has-flag/download/has-flag-4.0.0.tgz#944771fd9c81c81265c4d6941860da06bb59479b"
  integrity sha1-lEdx/ZyByBJlxNaUGGDaBrtZR5s=

minimist@^1.2.5:
  version "1.2.5"
  resolved "https://registry.npm.taobao.org/minimist/download/minimist-1.2.5.tgz#67d66014b66a6a8aaa0c083c5fd58df4e4e97602"
  integrity sha1-Z9ZgFLZqaoqqDAg8X9WN9OTpdgI=

supports-color@^7.1.0:
  version "7.1.0"
  resolved "https://registry.npm.taobao.org/supports-color/download/supports-color-7.1.0.tgz?cache=0&sync_timestamp=1569557271992&other_urls=https%3A%2F%2Fregistry.npm.taobao.org%2Fsupports-color%2Fdownload%2Fsupports-color-7.1.0.tgz#68e32591df73e25ad1c4b49108a2ec507962bfd1"
  integrity sha1-aOMlkd9z4lrRxLSRCKLsUHliv9E=
  dependencies:
    has-flag "^4.0.0"
