# THIS IS AN AUTOGENERATED FILE. DO NOT EDIT THIS FILE DIRECTLY.
# yarn lockfile v1


"@hapi/address@^4.0.1":
  version "4.0.1"
  resolved "https://registry.npm.taobao.org/@hapi/address/download/@hapi/address-4.0.1.tgz#267301ddf7bc453718377a6fb3832a2f04a721dd"
  integrity sha1-JnMB3fe8RTcYN3pvs4MqLwSnId0=
  dependencies:
    "@hapi/hoek" "^9.0.0"

"@hapi/formula@^2.0.0":
  version "2.0.0"
  resolved "https://registry.npm.taobao.org/@hapi/formula/download/@hapi/formula-2.0.0.tgz#edade0619ed58c8e4f164f233cda70211e787128"
  integrity sha1-7a3gYZ7VjI5PFk8jPNpwIR54cSg=

"@hapi/hoek@^9.0.0":
  version "9.0.4"
  resolved "https://registry.npm.taobao.org/@hapi/hoek/download/@hapi/hoek-9.0.4.tgz?cache=0&sync_timestamp=1583989992589&other_urls=https%3A%2F%2Fregistry.npm.taobao.org%2F%40hapi%2Fhoek%2Fdownload%2F%40hapi%2Fhoek-9.0.4.tgz#e80ad4e8e8d2adc6c77d985f698447e8628b6010"
  integrity sha1-6ArU6OjSrcbHfZhfaYRH6GKLYBA=

"@hapi/joi@^17.1.1":
  version "17.1.1"
  resolved "https://registry.npm.taobao.org/@hapi/joi/download/@hapi/joi-17.1.1.tgz#9cc8d7e2c2213d1e46708c6260184b447c661350"
  integrity sha1-nMjX4sIhPR5GcIxiYBhLRHxmE1A=
  dependencies:
    "@hapi/address" "^4.0.1"
    "@hapi/formula" "^2.0.0"
    "@hapi/hoek" "^9.0.0"
    "@hapi/pinpoint" "^2.0.0"
    "@hapi/topo" "^5.0.0"

"@hapi/pinpoint@^2.0.0":
  version "2.0.0"
  resolved "https://registry.npm.taobao.org/@hapi/pinpoint/download/@hapi/pinpoint-2.0.0.tgz#805b40d4dbec04fc116a73089494e00f073de8df"
  integrity sha1-gFtA1NvsBPwRanMIlJTgDwc96N8=

"@hapi/topo@^5.0.0":
  version "5.0.0"
  resolved "https://registry.npm.taobao.org/@hapi/topo/download/@hapi/topo-5.0.0.tgz?cache=0&sync_timestamp=1578128744584&other_urls=https%3A%2F%2Fregistry.npm.taobao.org%2F%40hapi%2Ftopo%2Fdownload%2F%40hapi%2Ftopo-5.0.0.tgz#c19af8577fa393a06e9c77b60995af959be721e7"
  integrity sha1-wZr4V3+jk6BunHe2CZWvlZvnIec=
  dependencies:
    "@hapi/hoek" "^9.0.0"

"@types/hapi__joi@^16.0.12":
  version "16.0.12"
  resolved "https://registry.npm.taobao.org/@types/hapi__joi/download/@types/hapi__joi-16.0.12.tgz?cache=0&sync_timestamp=1582591718644&other_urls=https%3A%2F%2Fregistry.npm.taobao.org%2F%40types%2Fhapi__joi%2Fdownload%2F%40types%2Fhapi__joi-16.0.12.tgz#fb9113f17cf5764d6b3586ae9817d1606cc7c90c"
  integrity sha1-+5ET8Xz1dk1rNYaumBfRYGzHyQw=
