# THIS IS AN AUTOGENERATED FILE. DO NOT EDIT THIS FILE DIRECTLY.
# yarn lockfile v1


vuex-pro@^0.1.0-beta.4:
  version "0.1.0-beta.4"
  resolved "https://registry.npm.taobao.org/vuex-pro/download/vuex-pro-0.1.0-beta.4.tgz#252a3bc9bf9525c28d0fe457fc6d3ecb72265708"
  integrity sha1-JSo7yb+VJcKND+RX/G0+y3ImVwg=
